
Microsoft Visual Studio Solution File, Format Version 12.00
# Visual Studio Version 16
VisualStudioVersion = 16.0.29503.13
MinimumVisualStudioVersion = 10.0.40219.1
Project("{E24C65DC-7377-472B-9ABA-BC803B73C61A}") = "wwwroot", "wwwroot\", "{4083AB52-9703-4316-AAF5-527FA82C9B2B}"
	ProjectSection(WebsiteProperties) = preProject
		TargetFrameworkMoniker = ".NETFramework,Version%3Dv4.0"
		Debug.AspNetCompiler.VirtualPath = "/localhost_62233"
		Debug.AspNetCompiler.PhysicalPath = "wwwroot\"
		Debug.AspNetCompiler.TargetPath = "PrecompiledWeb\localhost_62233\"
		Debug.AspNetCompiler.Updateable = "true"
		Debug.AspNetCompiler.ForceOverwrite = "true"
		Debug.AspNetCompiler.FixedNames = "false"
		Debug.AspNetCompiler.Debug = "True"
		Release.AspNetCompiler.VirtualPath = "/localhost_62233"
		Release.AspNetCompiler.PhysicalPath = "wwwroot\"
		Release.AspNetCompiler.TargetPath = "PrecompiledWeb\localhost_62233\"
		Release.AspNetCompiler.Updateable = "true"
		Release.AspNetCompiler.ForceOverwrite = "true"
		Release.AspNetCompiler.FixedNames = "false"
		Release.AspNetCompiler.Debug = "False"
		VWDPort = "62233"
		SlnRelativePath = "wwwroot\"
	EndProjectSection
EndProject
Project("{888888A0-9F3D-457C-B088-3A5042F75D52}") = "farm_bot", "farm_bot\farm_bot.pyproj", "{B9364C6B-ED41-47A8-B4DB-987CDBEF52B3}"
EndProject
Global
	GlobalSection(SolutionConfigurationPlatforms) = preSolution
		Debug|Any CPU = Debug|Any CPU
		Release|Any CPU = Release|Any CPU
	EndGlobalSection
	GlobalSection(ProjectConfigurationPlatforms) = postSolution
		{4083AB52-9703-4316-AAF5-527FA82C9B2B}.Debug|Any CPU.ActiveCfg = Debug|Any CPU
		{4083AB52-9703-4316-AAF5-527FA82C9B2B}.Debug|Any CPU.Build.0 = Debug|Any CPU
		{4083AB52-9703-4316-AAF5-527FA82C9B2B}.Release|Any CPU.ActiveCfg = Debug|Any CPU
		{4083AB52-9703-4316-AAF5-527FA82C9B2B}.Release|Any CPU.Build.0 = Debug|Any CPU
		{B9364C6B-ED41-47A8-B4DB-987CDBEF52B3}.Debug|Any CPU.ActiveCfg = Debug|Any CPU
		{B9364C6B-ED41-47A8-B4DB-987CDBEF52B3}.Release|Any CPU.ActiveCfg = Release|Any CPU
	EndGlobalSection
	GlobalSection(SolutionProperties) = preSolution
		HideSolutionNode = FALSE
	EndGlobalSection
	GlobalSection(ExtensibilityGlobals) = postSolution
		SolutionGuid = {31BE4B80-D243-4BCF-9626-50E04E696256}
	EndGlobalSection
EndGlobal
